
Microsoft Visual Studio Solution File, Format Version 12.00
# Visual Studio Version 16
VisualStudioVersion = 16.0.30011.22
MinimumVisualStudioVersion = 10.0.40219.1
Project("{FAE04EC0-301F-11D3-BF4B-00C04F79EFBC}") = "Proto2", "Proto2.csproj", "{C8307EC2-866B-4291-8881-8F3D0D44AA5E}"
EndProject
Global
	GlobalSection(SolutionConfigurationPlatforms) = preSolution
		Debug|Any CPU = Debug|Any CPU
		Release|Any CPU = Release|Any CPU
	EndGlobalSection
	GlobalSection(ProjectConfigurationPlatforms) = postSolution
		{C8307EC2-866B-4291-8881-8F3D0D44AA5E}.Debug|Any CPU.ActiveCfg = Debug|Any CPU
		{C8307EC2-866B-4291-8881-8F3D0D44AA5E}.Debug|Any CPU.Build.0 = Debug|Any CPU
		{C8307EC2-866B-4291-8881-8F3D0D44AA5E}.Release|Any CPU.ActiveCfg = Release|Any CPU
		{C8307EC2-866B-4291-8881-8F3D0D44AA5E}.Release|Any CPU.Build.0 = Release|Any CPU
	EndGlobalSection
	GlobalSection(SolutionProperties) = preSolution
		HideSolutionNode = FALSE
	EndGlobalSection
	GlobalSection(ExtensibilityGlobals) = postSolution
		SolutionGuid = {EBF10085-7754-4F9A-9E64-6A2A7514F41A}
	EndGlobalSection
EndGlobal
